// !$*UTF8*$!
{
	archiveVersion = 1;
	classes = {
	};
	objectVersion = 56;
	objects = {

/* Begin PBXBuildFile section */
		753B5A5B2B5003B900014F2E /* BadgeColorViewModifier.swift in Sources */ = {isa = PBXBuildFile; fileRef = 753B5A5A2B5003B800014F2E /* BadgeColorViewModifier.swift */; };
		753B5A5F2B500A1200014F2E /* SettingsView.swift in Sources */ = {isa = PBXBuildFile; fileRef = 753B5A5E2B500A1200014F2E /* SettingsView.swift */; };
		757B4F562B61192600EA2301 /* HMStickyHeader in Frameworks */ = {isa = PBXBuildFile; productRef = 757B4F552B61192600EA2301 /* HMStickyHeader */; };
		7587C9B62B51929A00FCA219 /* AppViewModel.swift in Sources */ = {isa = PBXBuildFile; fileRef = 7587C9B52B51929A00FCA219 /* AppViewModel.swift */; };
		7587C9C22B51AEEE00FCA219 /* HomeView.swift in Sources */ = {isa = PBXBuildFile; fileRef = 7587C9C12B51AEEE00FCA219 /* HomeView.swift */; };
		759C1F7B2B4D7ECC00681D0C /* OneEntry_Sdk_SampleApp.swift in Sources */ = {isa = PBXBuildFile; fileRef = 759C1F7A2B4D7ECC00681D0C /* OneEntry_Sdk_SampleApp.swift */; };
		759C1F7D2B4D7ECC00681D0C /* ContentView.swift in Sources */ = {isa = PBXBuildFile; fileRef = 759C1F7C2B4D7ECC00681D0C /* ContentView.swift */; };
		759C1F7F2B4D7ECE00681D0C /* Assets.xcassets in Resources */ = {isa = PBXBuildFile; fileRef = 759C1F7E2B4D7ECE00681D0C /* Assets.xcassets */; };
		759C1F822B4D7ECE00681D0C /* Preview Assets.xcassets in Resources */ = {isa = PBXBuildFile; fileRef = 759C1F812B4D7ECE00681D0C /* Preview Assets.xcassets */; };
		759C1F8B2B4D816C00681D0C /* PlanetsBackgroundView.swift in Sources */ = {isa = PBXBuildFile; fileRef = 759C1F8A2B4D816C00681D0C /* PlanetsBackgroundView.swift */; };
		759C1F8D2B4D819900681D0C /* Colors.swift in Sources */ = {isa = PBXBuildFile; fileRef = 759C1F8C2B4D819900681D0C /* Colors.swift */; };
		759C1F912B4D87CE00681D0C /* GreetingsView.swift in Sources */ = {isa = PBXBuildFile; fileRef = 759C1F902B4D87CE00681D0C /* GreetingsView.swift */; };
		75D1607F2B5A74EF00C8FF24 /* OneEntry in Frameworks */ = {isa = PBXBuildFile; productRef = 75D1607E2B5A74EF00C8FF24 /* OneEntry */; };
		75D160812B5A755D00C8FF24 /* certificate.p12 in Resources */ = {isa = PBXBuildFile; fileRef = 75D160802B5A755200C8FF24 /* certificate.p12 */; };
		75D160832B5A77D900C8FF24 /* HomeViewModel.swift in Sources */ = {isa = PBXBuildFile; fileRef = 75D160822B5A77D900C8FF24 /* HomeViewModel.swift */; };
		75D160862B5A798B00C8FF24 /* SwiftyBeaver in Frameworks */ = {isa = PBXBuildFile; productRef = 75D160852B5A798B00C8FF24 /* SwiftyBeaver */; };
		75D381C42B5BF0A0003E2BA1 /* StringError.swift in Sources */ = {isa = PBXBuildFile; fileRef = 75D381C32B5BF0A0003E2BA1 /* StringError.swift */; };
		75D381C62B5BF342003E2BA1 /* DataFetchingViewModel.swift in Sources */ = {isa = PBXBuildFile; fileRef = 75D381C52B5BF342003E2BA1 /* DataFetchingViewModel.swift */; };
		75D381C82B5BF389003E2BA1 /* FetchingStatus.swift in Sources */ = {isa = PBXBuildFile; fileRef = 75D381C72B5BF389003E2BA1 /* FetchingStatus.swift */; };
		75D381CA2B5BF473003E2BA1 /* AppNavigationView.swift in Sources */ = {isa = PBXBuildFile; fileRef = 75D381C92B5BF473003E2BA1 /* AppNavigationView.swift */; };
		75D381CC2B5BF80F003E2BA1 /* RecentProductView.swift in Sources */ = {isa = PBXBuildFile; fileRef = 75D381CB2B5BF80F003E2BA1 /* RecentProductView.swift */; };
		75D381CF2B5BF848003E2BA1 /* SDWebImageSwiftUI in Frameworks */ = {isa = PBXBuildFile; productRef = 75D381CE2B5BF848003E2BA1 /* SDWebImageSwiftUI */; };
		75D381D22B5C6479003E2BA1 /* Sticker.swift in Sources */ = {isa = PBXBuildFile; fileRef = 75D381D12B5C6479003E2BA1 /* Sticker.swift */; };
		75D381D42B5C6800003E2BA1 /* RecentProduct.swift in Sources */ = {isa = PBXBuildFile; fileRef = 75D381D32B5C6800003E2BA1 /* RecentProduct.swift */; };
		75D381DD2B5E5C67003E2BA1 /* AppDelegate.swift in Sources */ = {isa = PBXBuildFile; fileRef = 75D381DC2B5E5C67003E2BA1 /* AppDelegate.swift */; };
		75D381DF2B5E62F8003E2BA1 /* TransitionScrolling.swift in Sources */ = {isa = PBXBuildFile; fileRef = 75D381DE2B5E62F8003E2BA1 /* TransitionScrolling.swift */; };
		75D381F72B5E6763003E2BA1 /* Banner.swift in Sources */ = {isa = PBXBuildFile; fileRef = 75D381F62B5E6763003E2BA1 /* Banner.swift */; };
		75D381F92B5E6BD0003E2BA1 /* BannerView.swift in Sources */ = {isa = PBXBuildFile; fileRef = 75D381F82B5E6BD0003E2BA1 /* BannerView.swift */; };
		75D381FB2B5E703C003E2BA1 /* Category.swift in Sources */ = {isa = PBXBuildFile; fileRef = 75D381FA2B5E703C003E2BA1 /* Category.swift */; };
/* End PBXBuildFile section */

/* Begin PBXFileReference section */
		753B5A5A2B5003B800014F2E /* BadgeColorViewModifier.swift */ = {isa = PBXFileReference; lastKnownFileType = sourcecode.swift; path = BadgeColorViewModifier.swift; sourceTree = "<group>"; };
		753B5A5E2B500A1200014F2E /* SettingsView.swift */ = {isa = PBXFileReference; lastKnownFileType = sourcecode.swift; path = SettingsView.swift; sourceTree = "<group>"; };
		7587C9B52B51929A00FCA219 /* AppViewModel.swift */ = {isa = PBXFileReference; lastKnownFileType = sourcecode.swift; path = AppViewModel.swift; sourceTree = "<group>"; };
		7587C9C12B51AEEE00FCA219 /* HomeView.swift */ = {isa = PBXFileReference; lastKnownFileType = sourcecode.swift; path = HomeView.swift; sourceTree = "<group>"; };
		759C1F772B4D7ECC00681D0C /* OneEntry Sdk Sample.app */ = {isa = PBXFileReference; explicitFileType = wrapper.application; includeInIndex = 0; path = "OneEntry Sdk Sample.app"; sourceTree = BUILT_PRODUCTS_DIR; };
		759C1F7A2B4D7ECC00681D0C /* OneEntry_Sdk_SampleApp.swift */ = {isa = PBXFileReference; lastKnownFileType = sourcecode.swift; path = OneEntry_Sdk_SampleApp.swift; sourceTree = "<group>"; };
		759C1F7C2B4D7ECC00681D0C /* ContentView.swift */ = {isa = PBXFileReference; lastKnownFileType = sourcecode.swift; path = ContentView.swift; sourceTree = "<group>"; };
		759C1F7E2B4D7ECE00681D0C /* Assets.xcassets */ = {isa = PBXFileReference; lastKnownFileType = folder.assetcatalog; path = Assets.xcassets; sourceTree = "<group>"; };
		759C1F812B4D7ECE00681D0C /* Preview Assets.xcassets */ = {isa = PBXFileReference; lastKnownFileType = folder.assetcatalog; path = "Preview Assets.xcassets"; sourceTree = "<group>"; };
		759C1F8A2B4D816C00681D0C /* PlanetsBackgroundView.swift */ = {isa = PBXFileReference; lastKnownFileType = sourcecode.swift; path = PlanetsBackgroundView.swift; sourceTree = "<group>"; };
		759C1F8C2B4D819900681D0C /* Colors.swift */ = {isa = PBXFileReference; lastKnownFileType = sourcecode.swift; path = Colors.swift; sourceTree = "<group>"; };
		759C1F902B4D87CE00681D0C /* GreetingsView.swift */ = {isa = PBXFileReference; lastKnownFileType = sourcecode.swift; path = GreetingsView.swift; sourceTree = "<group>"; };
		75D160802B5A755200C8FF24 /* certificate.p12 */ = {isa = PBXFileReference; lastKnownFileType = file; path = certificate.p12; sourceTree = "<group>"; };
		75D160822B5A77D900C8FF24 /* HomeViewModel.swift */ = {isa = PBXFileReference; lastKnownFileType = sourcecode.swift; path = HomeViewModel.swift; sourceTree = "<group>"; };
		75D381C32B5BF0A0003E2BA1 /* StringError.swift */ = {isa = PBXFileReference; lastKnownFileType = sourcecode.swift; path = StringError.swift; sourceTree = "<group>"; };
		75D381C52B5BF342003E2BA1 /* DataFetchingViewModel.swift */ = {isa = PBXFileReference; lastKnownFileType = sourcecode.swift; path = DataFetchingViewModel.swift; sourceTree = "<group>"; };
		75D381C72B5BF389003E2BA1 /* FetchingStatus.swift */ = {isa = PBXFileReference; fileEncoding = 4; lastKnownFileType = sourcecode.swift; path = FetchingStatus.swift; sourceTree = "<group>"; };
		75D381C92B5BF473003E2BA1 /* AppNavigationView.swift */ = {isa = PBXFileReference; lastKnownFileType = sourcecode.swift; path = AppNavigationView.swift; sourceTree = "<group>"; };
		75D381CB2B5BF80F003E2BA1 /* RecentProductView.swift */ = {isa = PBXFileReference; lastKnownFileType = sourcecode.swift; path = RecentProductView.swift; sourceTree = "<group>"; };
		75D381D12B5C6479003E2BA1 /* Sticker.swift */ = {isa = PBXFileReference; lastKnownFileType = sourcecode.swift; path = Sticker.swift; sourceTree = "<group>"; };
		75D381D32B5C6800003E2BA1 /* RecentProduct.swift */ = {isa = PBXFileReference; lastKnownFileType = sourcecode.swift; path = RecentProduct.swift; sourceTree = "<group>"; };
		75D381DC2B5E5C67003E2BA1 /* AppDelegate.swift */ = {isa = PBXFileReference; lastKnownFileType = sourcecode.swift; path = AppDelegate.swift; sourceTree = "<group>"; };
		75D381DE2B5E62F8003E2BA1 /* TransitionScrolling.swift */ = {isa = PBXFileReference; lastKnownFileType = sourcecode.swift; path = TransitionScrolling.swift; sourceTree = "<group>"; };
		75D381F62B5E6763003E2BA1 /* Banner.swift */ = {isa = PBXFileReference; lastKnownFileType = sourcecode.swift; path = Banner.swift; sourceTree = "<group>"; };
		75D381F82B5E6BD0003E2BA1 /* BannerView.swift */ = {isa = PBXFileReference; lastKnownFileType = sourcecode.swift; path = BannerView.swift; sourceTree = "<group>"; };
		75D381FA2B5E703C003E2BA1 /* Category.swift */ = {isa = PBXFileReference; lastKnownFileType = sourcecode.swift; path = Category.swift; sourceTree = "<group>"; };
/* End PBXFileReference section */

/* Begin PBXFrameworksBuildPhase section */
		759C1F742B4D7ECC00681D0C /* Frameworks */ = {
			isa = PBXFrameworksBuildPhase;
			buildActionMask = 2147483647;
			files = (
				75D381CF2B5BF848003E2BA1 /* SDWebImageSwiftUI in Frameworks */,
				75D1607F2B5A74EF00C8FF24 /* OneEntry in Frameworks */,
				75D160862B5A798B00C8FF24 /* SwiftyBeaver in Frameworks */,
				757B4F562B61192600EA2301 /* HMStickyHeader in Frameworks */,
			);
			runOnlyForDeploymentPostprocessing = 0;
		};
/* End PBXFrameworksBuildPhase section */

/* Begin PBXGroup section */
		753B5A592B50039100014F2E /* ViewModifiers */ = {
			isa = PBXGroup;
			children = (
				753B5A5A2B5003B800014F2E /* BadgeColorViewModifier.swift */,
				75D381DE2B5E62F8003E2BA1 /* TransitionScrolling.swift */,
			);
			path = ViewModifiers;
			sourceTree = "<group>";
		};
		753B5A5C2B5009EF00014F2E /* Screens */ = {
			isa = PBXGroup;
			children = (
				7587C9C02B51AEDF00FCA219 /* Home */,
				753B5A5D2B500A0000014F2E /* Settings */,
			);
			path = Screens;
			sourceTree = "<group>";
		};
		753B5A5D2B500A0000014F2E /* Settings */ = {
			isa = PBXGroup;
			children = (
				753B5A5E2B500A1200014F2E /* SettingsView.swift */,
			);
			path = Settings;
			sourceTree = "<group>";
		};
		7587C9B42B51928700FCA219 /* ViewModel */ = {
			isa = PBXGroup;
			children = (
				7587C9B52B51929A00FCA219 /* AppViewModel.swift */,
				75D160822B5A77D900C8FF24 /* HomeViewModel.swift */,
				75D381C52B5BF342003E2BA1 /* DataFetchingViewModel.swift */,
			);
			path = ViewModel;
			sourceTree = "<group>";
		};
		7587C9C02B51AEDF00FCA219 /* Home */ = {
			isa = PBXGroup;
			children = (
				7587C9C12B51AEEE00FCA219 /* HomeView.swift */,
				75D381CB2B5BF80F003E2BA1 /* RecentProductView.swift */,
				75D381F82B5E6BD0003E2BA1 /* BannerView.swift */,
			);
			path = Home;
			sourceTree = "<group>";
		};
		759C1F6E2B4D7ECC00681D0C = {
			isa = PBXGroup;
			children = (
				75D160802B5A755200C8FF24 /* certificate.p12 */,
				759C1F792B4D7ECC00681D0C /* OneEntry Sdk Sample */,
				759C1F782B4D7ECC00681D0C /* Products */,
			);
			sourceTree = "<group>";
		};
		759C1F782B4D7ECC00681D0C /* Products */ = {
			isa = PBXGroup;
			children = (
				759C1F772B4D7ECC00681D0C /* OneEntry Sdk Sample.app */,
			);
			name = Products;
			sourceTree = "<group>";
		};
		759C1F792B4D7ECC00681D0C /* OneEntry Sdk Sample */ = {
			isa = PBXGroup;
			children = (
				75D381C22B5BF093003E2BA1 /* Common */,
				759C1F892B4D80F900681D0C /* Resources */,
				75D381D02B5C644B003E2BA1 /* Entities */,
				7587C9B42B51928700FCA219 /* ViewModel */,
				753B5A592B50039100014F2E /* ViewModifiers */,
				759C1F882B4D7FC500681D0C /* View */,
				759C1F7A2B4D7ECC00681D0C /* OneEntry_Sdk_SampleApp.swift */,
				75D381DC2B5E5C67003E2BA1 /* AppDelegate.swift */,
				759C1F802B4D7ECE00681D0C /* Preview Content */,
			);
			path = "OneEntry Sdk Sample";
			sourceTree = "<group>";
		};
		759C1F802B4D7ECE00681D0C /* Preview Content */ = {
			isa = PBXGroup;
			children = (
				759C1F812B4D7ECE00681D0C /* Preview Assets.xcassets */,
			);
			path = "Preview Content";
			sourceTree = "<group>";
		};
		759C1F882B4D7FC500681D0C /* View */ = {
			isa = PBXGroup;
			children = (
				753B5A5C2B5009EF00014F2E /* Screens */,
				759C1F7C2B4D7ECC00681D0C /* ContentView.swift */,
				759C1F8A2B4D816C00681D0C /* PlanetsBackgroundView.swift */,
				759C1F902B4D87CE00681D0C /* GreetingsView.swift */,
				75D381C92B5BF473003E2BA1 /* AppNavigationView.swift */,
			);
			path = View;
			sourceTree = "<group>";
		};
		759C1F892B4D80F900681D0C /* Resources */ = {
			isa = PBXGroup;
			children = (
				759C1F7E2B4D7ECE00681D0C /* Assets.xcassets */,
				759C1F8C2B4D819900681D0C /* Colors.swift */,
			);
			path = Resources;
			sourceTree = "<group>";
		};
		75D381C22B5BF093003E2BA1 /* Common */ = {
			isa = PBXGroup;
			children = (
				75D381C72B5BF389003E2BA1 /* FetchingStatus.swift */,
				75D381C32B5BF0A0003E2BA1 /* StringError.swift */,
			);
			path = Common;
			sourceTree = "<group>";
		};
		75D381D02B5C644B003E2BA1 /* Entities */ = {
			isa = PBXGroup;
			children = (
				75D381D12B5C6479003E2BA1 /* Sticker.swift */,
				75D381D32B5C6800003E2BA1 /* RecentProduct.swift */,
				75D381F62B5E6763003E2BA1 /* Banner.swift */,
				75D381FA2B5E703C003E2BA1 /* Category.swift */,
			);
			path = Entities;
			sourceTree = "<group>";
		};
/* End PBXGroup section */

/* Begin PBXNativeTarget section */
		759C1F762B4D7ECC00681D0C /* OneEntry Sdk Sample */ = {
			isa = PBXNativeTarget;
			buildConfigurationList = 759C1F852B4D7ECE00681D0C /* Build configuration list for PBXNativeTarget "OneEntry Sdk Sample" */;
			buildPhases = (
				759C1F732B4D7ECC00681D0C /* Sources */,
				759C1F742B4D7ECC00681D0C /* Frameworks */,
				759C1F752B4D7ECC00681D0C /* Resources */,
			);
			buildRules = (
			);
			dependencies = (
			);
			name = "OneEntry Sdk Sample";
			packageProductDependencies = (
				75D1607E2B5A74EF00C8FF24 /* OneEntry */,
				75D160852B5A798B00C8FF24 /* SwiftyBeaver */,
				75D381CE2B5BF848003E2BA1 /* SDWebImageSwiftUI */,
				757B4F552B61192600EA2301 /* HMStickyHeader */,
			);
			productName = "OneEntry Sdk Sample";
			productReference = 759C1F772B4D7ECC00681D0C /* OneEntry Sdk Sample.app */;
			productType = "com.apple.product-type.application";
		};
/* End PBXNativeTarget section */

/* Begin PBXProject section */
		759C1F6F2B4D7ECC00681D0C /* Project object */ = {
			isa = PBXProject;
			attributes = {
				BuildIndependentTargetsInParallel = 1;
				LastSwiftUpdateCheck = 1510;
				LastUpgradeCheck = 1510;
				ORGANIZATIONNAME = OneEntry;
				TargetAttributes = {
					759C1F762B4D7ECC00681D0C = {
						CreatedOnToolsVersion = 15.1;
					};
				};
			};
			buildConfigurationList = 759C1F722B4D7ECC00681D0C /* Build configuration list for PBXProject "OneEntry Sdk Sample" */;
			compatibilityVersion = "Xcode 14.0";
			developmentRegion = en;
			hasScannedForEncodings = 0;
			knownRegions = (
				en,
				Base,
			);
			mainGroup = 759C1F6E2B4D7ECC00681D0C;
			packageReferences = (
				75D1607D2B5A74EF00C8FF24 /* XCRemoteSwiftPackageReference "oneentry-ios-sdk" */,
				75D160842B5A798B00C8FF24 /* XCRemoteSwiftPackageReference "SwiftyBeaver" */,
				75D381CD2B5BF848003E2BA1 /* XCRemoteSwiftPackageReference "SDWebImageSwiftUI" */,
				757B4F542B61192600EA2301 /* XCRemoteSwiftPackageReference "HMStickyHeader" */,
			);
			productRefGroup = 759C1F782B4D7ECC00681D0C /* Products */;
			projectDirPath = "";
			projectRoot = "";
			targets = (
				759C1F762B4D7ECC00681D0C /* OneEntry Sdk Sample */,
			);
		};
/* End PBXProject section */

/* Begin PBXResourcesBuildPhase section */
		759C1F752B4D7ECC00681D0C /* Resources */ = {
			isa = PBXResourcesBuildPhase;
			buildActionMask = 2147483647;
			files = (
				759C1F822B4D7ECE00681D0C /* Preview Assets.xcassets in Resources */,
				75D160812B5A755D00C8FF24 /* certificate.p12 in Resources */,
				759C1F7F2B4D7ECE00681D0C /* Assets.xcassets in Resources */,
			);
			runOnlyForDeploymentPostprocessing = 0;
		};
/* End PBXResourcesBuildPhase section */

/* Begin PBXSourcesBuildPhase section */
		759C1F732B4D7ECC00681D0C /* Sources */ = {
			isa = PBXSourcesBuildPhase;
			buildActionMask = 2147483647;
			files = (
				75D381F92B5E6BD0003E2BA1 /* BannerView.swift in Sources */,
				75D381CC2B5BF80F003E2BA1 /* RecentProductView.swift in Sources */,
				75D381D22B5C6479003E2BA1 /* Sticker.swift in Sources */,
				7587C9C22B51AEEE00FCA219 /* HomeView.swift in Sources */,
				753B5A5F2B500A1200014F2E /* SettingsView.swift in Sources */,
				759C1F7D2B4D7ECC00681D0C /* ContentView.swift in Sources */,
				75D160832B5A77D900C8FF24 /* HomeViewModel.swift in Sources */,
				7587C9B62B51929A00FCA219 /* AppViewModel.swift in Sources */,
				759C1F8D2B4D819900681D0C /* Colors.swift in Sources */,
				75D381CA2B5BF473003E2BA1 /* AppNavigationView.swift in Sources */,
				759C1F912B4D87CE00681D0C /* GreetingsView.swift in Sources */,
				75D381C42B5BF0A0003E2BA1 /* StringError.swift in Sources */,
				75D381DF2B5E62F8003E2BA1 /* TransitionScrolling.swift in Sources */,
				75D381C62B5BF342003E2BA1 /* DataFetchingViewModel.swift in Sources */,
				75D381DD2B5E5C67003E2BA1 /* AppDelegate.swift in Sources */,
				753B5A5B2B5003B900014F2E /* BadgeColorViewModifier.swift in Sources */,
				75D381F72B5E6763003E2BA1 /* Banner.swift in Sources */,
				759C1F7B2B4D7ECC00681D0C /* OneEntry_Sdk_SampleApp.swift in Sources */,
				75D381FB2B5E703C003E2BA1 /* Category.swift in Sources */,
				75D381D42B5C6800003E2BA1 /* RecentProduct.swift in Sources */,
				759C1F8B2B4D816C00681D0C /* PlanetsBackgroundView.swift in Sources */,
				75D381C82B5BF389003E2BA1 /* FetchingStatus.swift in Sources */,
			);
			runOnlyForDeploymentPostprocessing = 0;
		};
/* End PBXSourcesBuildPhase section */

/* Begin XCBuildConfiguration section */
		759C1F832B4D7ECE00681D0C /* Debug */ = {
			isa = XCBuildConfiguration;
			buildSettings = {
				ALWAYS_SEARCH_USER_PATHS = NO;
				ASSETCATALOG_COMPILER_GENERATE_SWIFT_ASSET_SYMBOL_EXTENSIONS = YES;
				CLANG_ANALYZER_NONNULL = YES;
				CLANG_ANALYZER_NUMBER_OBJECT_CONVERSION = YES_AGGRESSIVE;
				CLANG_CXX_LANGUAGE_STANDARD = "gnu++20";
				CLANG_ENABLE_MODULES = YES;
				CLANG_ENABLE_OBJC_ARC = YES;
				CLANG_ENABLE_OBJC_WEAK = YES;
				CLANG_WARN_BLOCK_CAPTURE_AUTORELEASING = YES;
				CLANG_WARN_BOOL_CONVERSION = YES;
				CLANG_WARN_COMMA = YES;
				CLANG_WARN_CONSTANT_CONVERSION = YES;
				CLANG_WARN_DEPRECATED_OBJC_IMPLEMENTATIONS = YES;
				CLANG_WARN_DIRECT_OBJC_ISA_USAGE = YES_ERROR;
				CLANG_WARN_DOCUMENTATION_COMMENTS = YES;
				CLANG_WARN_EMPTY_BODY = YES;
				CLANG_WARN_ENUM_CONVERSION = YES;
				CLANG_WARN_INFINITE_RECURSION = YES;
				CLANG_WARN_INT_CONVERSION = YES;
				CLANG_WARN_NON_LITERAL_NULL_CONVERSION = YES;
				CLANG_WARN_OBJC_IMPLICIT_RETAIN_SELF = YES;
				CLANG_WARN_OBJC_LITERAL_CONVERSION = YES;
				CLANG_WARN_OBJC_ROOT_CLASS = YES_ERROR;
				CLANG_WARN_QUOTED_INCLUDE_IN_FRAMEWORK_HEADER = YES;
				CLANG_WARN_RANGE_LOOP_ANALYSIS = YES;
				CLANG_WARN_STRICT_PROTOTYPES = YES;
				CLANG_WARN_SUSPICIOUS_MOVE = YES;
				CLANG_WARN_UNGUARDED_AVAILABILITY = YES_AGGRESSIVE;
				CLANG_WARN_UNREACHABLE_CODE = YES;
				CLANG_WARN__DUPLICATE_METHOD_MATCH = YES;
				COPY_PHASE_STRIP = NO;
				DEBUG_INFORMATION_FORMAT = dwarf;
				ENABLE_STRICT_OBJC_MSGSEND = YES;
				ENABLE_TESTABILITY = YES;
				ENABLE_USER_SCRIPT_SANDBOXING = YES;
				GCC_C_LANGUAGE_STANDARD = gnu17;
				GCC_DYNAMIC_NO_PIC = NO;
				GCC_NO_COMMON_BLOCKS = YES;
				GCC_OPTIMIZATION_LEVEL = 0;
				GCC_PREPROCESSOR_DEFINITIONS = (
					"DEBUG=1",
					"$(inherited)",
				);
				GCC_WARN_64_TO_32_BIT_CONVERSION = YES;
				GCC_WARN_ABOUT_RETURN_TYPE = YES_ERROR;
				GCC_WARN_UNDECLARED_SELECTOR = YES;
				GCC_WARN_UNINITIALIZED_AUTOS = YES_AGGRESSIVE;
				GCC_WARN_UNUSED_FUNCTION = YES;
				GCC_WARN_UNUSED_VARIABLE = YES;
				IPHONEOS_DEPLOYMENT_TARGET = 17.2;
				LOCALIZATION_PREFERS_STRING_CATALOGS = YES;
				MTL_ENABLE_DEBUG_INFO = INCLUDE_SOURCE;
				MTL_FAST_MATH = YES;
				ONLY_ACTIVE_ARCH = YES;
				SDKROOT = iphoneos;
				SWIFT_ACTIVE_COMPILATION_CONDITIONS = "DEBUG $(inherited)";
				SWIFT_OPTIMIZATION_LEVEL = "-Onone";
			};
			name = Debug;
		};
		759C1F842B4D7ECE00681D0C /* Release */ = {
			isa = XCBuildConfiguration;
			buildSettings = {
				ALWAYS_SEARCH_USER_PATHS = NO;
				ASSETCATALOG_COMPILER_GENERATE_SWIFT_ASSET_SYMBOL_EXTENSIONS = YES;
				CLANG_ANALYZER_NONNULL = YES;
				CLANG_ANALYZER_NUMBER_OBJECT_CONVERSION = YES_AGGRESSIVE;
				CLANG_CXX_LANGUAGE_STANDARD = "gnu++20";
				CLANG_ENABLE_MODULES = YES;
				CLANG_ENABLE_OBJC_ARC = YES;
				CLANG_ENABLE_OBJC_WEAK = YES;
				CLANG_WARN_BLOCK_CAPTURE_AUTORELEASING = YES;
				CLANG_WARN_BOOL_CONVERSION = YES;
				CLANG_WARN_COMMA = YES;
				CLANG_WARN_CONSTANT_CONVERSION = YES;
				CLANG_WARN_DEPRECATED_OBJC_IMPLEMENTATIONS = YES;
				CLANG_WARN_DIRECT_OBJC_ISA_USAGE = YES_ERROR;
				CLANG_WARN_DOCUMENTATION_COMMENTS = YES;
				CLANG_WARN_EMPTY_BODY = YES;
				CLANG_WARN_ENUM_CONVERSION = YES;
				CLANG_WARN_INFINITE_RECURSION = YES;
				CLANG_WARN_INT_CONVERSION = YES;
				CLANG_WARN_NON_LITERAL_NULL_CONVERSION = YES;
				CLANG_WARN_OBJC_IMPLICIT_RETAIN_SELF = YES;
				CLANG_WARN_OBJC_LITERAL_CONVERSION = YES;
				CLANG_WARN_OBJC_ROOT_CLASS = YES_ERROR;
				CLANG_WARN_QUOTED_INCLUDE_IN_FRAMEWORK_HEADER = YES;
				CLANG_WARN_RANGE_LOOP_ANALYSIS = YES;
				CLANG_WARN_STRICT_PROTOTYPES = YES;
				CLANG_WARN_SUSPICIOUS_MOVE = YES;
				CLANG_WARN_UNGUARDED_AVAILABILITY = YES_AGGRESSIVE;
				CLANG_WARN_UNREACHABLE_CODE = YES;
				CLANG_WARN__DUPLICATE_METHOD_MATCH = YES;
				COPY_PHASE_STRIP = NO;
				DEBUG_INFORMATION_FORMAT = "dwarf-with-dsym";
				ENABLE_NS_ASSERTIONS = NO;
				ENABLE_STRICT_OBJC_MSGSEND = YES;
				ENABLE_USER_SCRIPT_SANDBOXING = YES;
				GCC_C_LANGUAGE_STANDARD = gnu17;
				GCC_NO_COMMON_BLOCKS = YES;
				GCC_WARN_64_TO_32_BIT_CONVERSION = YES;
				GCC_WARN_ABOUT_RETURN_TYPE = YES_ERROR;
				GCC_WARN_UNDECLARED_SELECTOR = YES;
				GCC_WARN_UNINITIALIZED_AUTOS = YES_AGGRESSIVE;
				GCC_WARN_UNUSED_FUNCTION = YES;
				GCC_WARN_UNUSED_VARIABLE = YES;
				IPHONEOS_DEPLOYMENT_TARGET = 17.2;
				LOCALIZATION_PREFERS_STRING_CATALOGS = YES;
				MTL_ENABLE_DEBUG_INFO = NO;
				MTL_FAST_MATH = YES;
				SDKROOT = iphoneos;
				SWIFT_COMPILATION_MODE = wholemodule;
				VALIDATE_PRODUCT = YES;
			};
			name = Release;
		};
		759C1F862B4D7ECE00681D0C /* Debug */ = {
			isa = XCBuildConfiguration;
			buildSettings = {
				ASSETCATALOG_COMPILER_APPICON_NAME = AppIcon;
				ASSETCATALOG_COMPILER_GLOBAL_ACCENT_COLOR_NAME = AccentColor;
				CODE_SIGN_STYLE = Automatic;
				CURRENT_PROJECT_VERSION = 1;
				DEVELOPMENT_ASSET_PATHS = "\"OneEntry Sdk Sample/Preview Content\"";
				DEVELOPMENT_TEAM = Q56448M5KU;
				ENABLE_PREVIEWS = YES;
				GENERATE_INFOPLIST_FILE = YES;
				INFOPLIST_KEY_UIApplicationSceneManifest_Generation = YES;
				INFOPLIST_KEY_UIApplicationSupportsIndirectInputEvents = YES;
				INFOPLIST_KEY_UILaunchScreen_Generation = YES;
				INFOPLIST_KEY_UISupportedInterfaceOrientations_iPad = "UIInterfaceOrientationPortrait UIInterfaceOrientationPortraitUpsideDown UIInterfaceOrientationLandscapeLeft UIInterfaceOrientationLandscapeRight";
				INFOPLIST_KEY_UISupportedInterfaceOrientations_iPhone = "UIInterfaceOrientationPortrait UIInterfaceOrientationLandscapeLeft UIInterfaceOrientationLandscapeRight";
				LD_RUNPATH_SEARCH_PATHS = (
					"$(inherited)",
					"@executable_path/Frameworks",
				);
				MARKETING_VERSION = 1.0;
				PRODUCT_BUNDLE_IDENTIFIER = "com.hummel.OneEntry-Sdk-Sample";
				PRODUCT_NAME = "$(TARGET_NAME)";
				SWIFT_EMIT_LOC_STRINGS = YES;
				SWIFT_VERSION = 5.0;
				TARGETED_DEVICE_FAMILY = "1,2";
			};
			name = Debug;
		};
		759C1F872B4D7ECE00681D0C /* Release */ = {
			isa = XCBuildConfiguration;
			buildSettings = {
				ASSETCATALOG_COMPILER_APPICON_NAME = AppIcon;
				ASSETCATALOG_COMPILER_GLOBAL_ACCENT_COLOR_NAME = AccentColor;
				CODE_SIGN_STYLE = Automatic;
				CURRENT_PROJECT_VERSION = 1;
				DEVELOPMENT_ASSET_PATHS = "\"OneEntry Sdk Sample/Preview Content\"";
				DEVELOPMENT_TEAM = Q56448M5KU;
				ENABLE_PREVIEWS = YES;
				GENERATE_INFOPLIST_FILE = YES;
				INFOPLIST_KEY_UIApplicationSceneManifest_Generation = YES;
				INFOPLIST_KEY_UIApplicationSupportsIndirectInputEvents = YES;
				INFOPLIST_KEY_UILaunchScreen_Generation = YES;
				INFOPLIST_KEY_UISupportedInterfaceOrientations_iPad = "UIInterfaceOrientationPortrait UIInterfaceOrientationPortraitUpsideDown UIInterfaceOrientationLandscapeLeft UIInterfaceOrientationLandscapeRight";
				INFOPLIST_KEY_UISupportedInterfaceOrientations_iPhone = "UIInterfaceOrientationPortrait UIInterfaceOrientationLandscapeLeft UIInterfaceOrientationLandscapeRight";
				LD_RUNPATH_SEARCH_PATHS = (
					"$(inherited)",
					"@executable_path/Frameworks",
				);
				MARKETING_VERSION = 1.0;
				PRODUCT_BUNDLE_IDENTIFIER = "com.hummel.OneEntry-Sdk-Sample";
				PRODUCT_NAME = "$(TARGET_NAME)";
				SWIFT_EMIT_LOC_STRINGS = YES;
				SWIFT_VERSION = 5.0;
				TARGETED_DEVICE_FAMILY = "1,2";
			};
			name = Release;
		};
/* End XCBuildConfiguration section */

/* Begin XCConfigurationList section */
		759C1F722B4D7ECC00681D0C /* Build configuration list for PBXProject "OneEntry Sdk Sample" */ = {
			isa = XCConfigurationList;
			buildConfigurations = (
				759C1F832B4D7ECE00681D0C /* Debug */,
				759C1F842B4D7ECE00681D0C /* Release */,
			);
			defaultConfigurationIsVisible = 0;
			defaultConfigurationName = Release;
		};
		759C1F852B4D7ECE00681D0C /* Build configuration list for PBXNativeTarget "OneEntry Sdk Sample" */ = {
			isa = XCConfigurationList;
			buildConfigurations = (
				759C1F862B4D7ECE00681D0C /* Debug */,
				759C1F872B4D7ECE00681D0C /* Release */,
			);
			defaultConfigurationIsVisible = 0;
			defaultConfigurationName = Release;
		};
/* End XCConfigurationList section */

/* Begin XCRemoteSwiftPackageReference section */
		757B4F542B61192600EA2301 /* XCRemoteSwiftPackageReference "HMStickyHeader" */ = {
			isa = XCRemoteSwiftPackageReference;
			repositoryURL = "https://github.com/ArchiProger/HMStickyHeader.git";
			requirement = {
				kind = upToNextMajorVersion;
				minimumVersion = 1.0.0;
			};
		};
		75D1607D2B5A74EF00C8FF24 /* XCRemoteSwiftPackageReference "oneentry-ios-sdk" */ = {
			isa = XCRemoteSwiftPackageReference;
			repositoryURL = "https://github.com/OneEntry/oneentry-ios-sdk.git";
			requirement = {
				kind = upToNextMajorVersion;
				minimumVersion = 1.0.5;
			};
		};
		75D160842B5A798B00C8FF24 /* XCRemoteSwiftPackageReference "SwiftyBeaver" */ = {
			isa = XCRemoteSwiftPackageReference;
			repositoryURL = "https://github.com/SwiftyBeaver/SwiftyBeaver";
			requirement = {
				kind = upToNextMajorVersion;
				minimumVersion = 2.0.0;
			};
		};
		75D381CD2B5BF848003E2BA1 /* XCRemoteSwiftPackageReference "SDWebImageSwiftUI" */ = {
			isa = XCRemoteSwiftPackageReference;
			repositoryURL = "https://github.com/SDWebImage/SDWebImageSwiftUI.git";
			requirement = {
				kind = upToNextMajorVersion;
				minimumVersion = 2.2.6;
			};
		};
/* End XCRemoteSwiftPackageReference section */

/* Begin XCSwiftPackageProductDependency section */
		757B4F552B61192600EA2301 /* HMStickyHeader */ = {
			isa = XCSwiftPackageProductDependency;
			package = 757B4F542B61192600EA2301 /* XCRemoteSwiftPackageReference "HMStickyHeader" */;
			productName = HMStickyHeader;
		};
		75D1607E2B5A74EF00C8FF24 /* OneEntry */ = {
			isa = XCSwiftPackageProductDependency;
			package = 75D1607D2B5A74EF00C8FF24 /* XCRemoteSwiftPackageReference "oneentry-ios-sdk" */;
			productName = OneEntry;
		};
		75D160852B5A798B00C8FF24 /* SwiftyBeaver */ = {
			isa = XCSwiftPackageProductDependency;
			package = 75D160842B5A798B00C8FF24 /* XCRemoteSwiftPackageReference "SwiftyBeaver" */;
			productName = SwiftyBeaver;
		};
		75D381CE2B5BF848003E2BA1 /* SDWebImageSwiftUI */ = {
			isa = XCSwiftPackageProductDependency;
			package = 75D381CD2B5BF848003E2BA1 /* XCRemoteSwiftPackageReference "SDWebImageSwiftUI" */;
			productName = SDWebImageSwiftUI;
		};
/* End XCSwiftPackageProductDependency section */
	};
	rootObject = 759C1F6F2B4D7ECC00681D0C /* Project object */;
}
