{
  "pins" : [
    {
      "identity" : "hmstickyheader",
      "kind" : "remoteSourceControl",
      "location" : "https://github.com/ArchiProger/HMStickyHeader.git",
      "state" : {
        "revision" : "002d94212c3274f6cdc7ceff1d2f49568e40dec3",
        "version" : "1.0.0"
      }
    },
    {
      "identity" : "oneentry-ios-sdk",
      "kind" : "remoteSourceControl",
      "location" : "https://github.com/OneEntry/oneentry-ios-sdk.git",
      "state" : {
        "revision" : "1c2a8964649b2ec89c508503ec6ea0a528eb4744",
        "version" : "1.0.6"
      }
    },
    {
      "identity" : "sdwebimage",
      "kind" : "remoteSourceControl",
      "location" : "https://github.com/SDWebImage/SDWebImage.git",
      "state" : {
        "revision" : "59730af512c06fb569c119d737df4c1c499e001d",
        "version" : "5.18.10"
      }
    },
    {
      "identity" : "sdwebimageswiftui",
      "kind" : "remoteSourceControl",
      "location" : "https://github.com/SDWebImage/SDWebImageSwiftUI.git",
      "state" : {
        "revision" : "261b6cec35686d2dc192b809ab50742b4502a73b",
        "version" : "2.2.6"
      }
    },
    {
      "identity" : "swiftybeaver",
      "kind" : "remoteSourceControl",
      "location" : "https://github.com/SwiftyBeaver/SwiftyBeaver",
      "state" : {
        "revision" : "1080914828ef1c9ca9cd2bad50667b3d847dabff",
        "version" : "2.0.0"
      }
    }
  ],
  "version" : 2
}
